
Microsoft Visual Studio Solution File, Format Version 12.00
# Visual Studio Version 16
VisualStudioVersion = 16.0.30804.86
MinimumVisualStudioVersion = 10.0.40219.1
Project("{FAE04EC0-301F-11D3-BF4B-00C04F79EFBC}") = "BarcodeSystem", "BarcodeSystem\BarcodeSystem.csproj", "{477F1583-FFD9-4351-8573-6335739B6F26}"
EndProject
Global
	GlobalSection(SolutionConfigurationPlatforms) = preSolution
		Debug|Any CPU = Debug|Any CPU
		Release|Any CPU = Release|Any CPU
	EndGlobalSection
	GlobalSection(ProjectConfigurationPlatforms) = postSolution
		{477F1583-FFD9-4351-8573-6335739B6F26}.Debug|Any CPU.ActiveCfg = Debug|Any CPU
		{477F1583-FFD9-4351-8573-6335739B6F26}.Debug|Any CPU.Build.0 = Debug|Any CPU
		{477F1583-FFD9-4351-8573-6335739B6F26}.Release|Any CPU.ActiveCfg = Release|Any CPU
		{477F1583-FFD9-4351-8573-6335739B6F26}.Release|Any CPU.Build.0 = Release|Any CPU
	EndGlobalSection
	GlobalSection(SolutionProperties) = preSolution
		HideSolutionNode = FALSE
	EndGlobalSection
	GlobalSection(ExtensibilityGlobals) = postSolution
		SolutionGuid = {F515913B-6101-4AA3-B8C1-6209B759117C}
	EndGlobalSection
EndGlobal
